version = 1
revision = 3
requires-python = ">=3.14"

[[package]]
name = "advent-mojo"
version = "0.1.0"
source = { virtual = "." }
dependencies = [
    { name = "mojo-compiler" },
]

[package.metadata]
requires-dist = [{ name = "mojo-compiler", specifier = ">=0.26.1.0.dev2025122205" }]

[[package]]
name = "mojo-compiler"
version = "0.26.1.0.dev2025123105"
source = { registry = "https://dl.modular.com/public/nightly/python/simple/" }
wheels = [
    { url = "https://dl.modular.com/public/nightly/python/mojo_compiler-0.26.1.0.dev2025123105-py3-none-macosx_13_0_arm64.whl", hash = "sha256:851c7b2d12037b8b373523d90f8078db76ad4b05a6bc781bf3a861b13c8eaf3b" },
    { url = "https://dl.modular.com/public/nightly/python/mojo_compiler-0.26.1.0.dev2025123105-py3-none-manylinux_2_34_aarch64.whl", hash = "sha256:4adf511dd87a8b847646990da139a0b2215dc63b7d79b573003d52cf39f61733" },
    { url = "https://dl.modular.com/public/nightly/python/mojo_compiler-0.26.1.0.dev2025123105-py3-none-manylinux_2_34_x86_64.whl", hash = "sha256:897fe7549af4d45398dc80ffbc09e835db0450fdfc217fe56978e04f909391eb" },
]
