version = 1
revision = 3
requires-python = ">=3.14"

[[package]]
name = "advent-mojo"
version = "0.1.0"
source = { virtual = "." }
dependencies = [
    { name = "mojo" },
    { name = "mojo-compiler" },
]

[package.metadata]
requires-dist = [
    { name = "mojo", specifier = ">=0.26.1.0.dev2026011805" },
    { name = "mojo-compiler", specifier = ">=0.26.1.0.dev2026011705" },
]

[[package]]
name = "click"
version = "8.3.1"
source = { registry = "https://pypi.org/simple" }
dependencies = [
    { name = "colorama", marker = "sys_platform == 'win32'" },
]
sdist = { url = "https://files.pythonhosted.org/packages/3d/fa/656b739db8587d7b5dfa22e22ed02566950fbfbcdc20311993483657a5c0/click-8.3.1.tar.gz", hash = "sha256:12ff4785d337a1bb490bb7e9c2b1ee5da3112e94a8622f26a6c77f5d2fc6842a", size = 295065, upload-time = "2025-11-15T20:45:42.706Z" }
wheels = [
    { url = "https://files.pythonhosted.org/packages/98/78/01c019cdb5d6498122777c1a43056ebb3ebfeef2076d9d026bfe15583b2b/click-8.3.1-py3-none-any.whl", hash = "sha256:981153a64e25f12d547d3426c367a4857371575ee7ad18df2a6183ab0545b2a6", size = 108274, upload-time = "2025-11-15T20:45:41.139Z" },
]

[[package]]
name = "colorama"
version = "0.4.6"
source = { registry = "https://pypi.org/simple" }
sdist = { url = "https://files.pythonhosted.org/packages/d8/53/6f443c9a4a8358a93a6792e2acffb9d9d5cb0a5cfd8802644b7b1c9a02e4/colorama-0.4.6.tar.gz", hash = "sha256:08695f5cb7ed6e0531a20572697297273c47b8cae5a63ffc6d6ed5c201be6e44", size = 27697, upload-time = "2022-10-25T02:36:22.414Z" }
wheels = [
    { url = "https://files.pythonhosted.org/packages/d1/d6/3965ed04c63042e047cb6a3e6ed1a63a35087b6a609aa3a15ed8ac56c221/colorama-0.4.6-py2.py3-none-any.whl", hash = "sha256:4f1d9991f5acc0ca119f9d443620b77f9d6b33703e51011c16baf57afb285fc6", size = 25335, upload-time = "2022-10-25T02:36:20.889Z" },
]

[[package]]
name = "mblack"
version = "26.2.0.dev2026013005"
source = { registry = "https://whl.modular.com/nightly/simple/" }
dependencies = [
    { name = "click" },
    { name = "mypy-extensions" },
    { name = "pathspec" },
    { name = "platformdirs" },
]
wheels = [
    { url = "https://us-central1-python.pkg.dev/distribution-prod-0a7c7b3/nightly/mblack/mblack-26.2.0.dev2026013005-py3-none-any.whl", hash = "sha256:c955ea490e14d7d43f6efe2eab502b3aac37f0649eb7225f9358d0d04a3fde07" },
]

[[package]]
name = "mojo"
version = "0.26.2.0.dev2026013005"
source = { registry = "https://whl.modular.com/nightly/simple/" }
dependencies = [
    { name = "mblack" },
    { name = "mojo-compiler" },
    { name = "mojo-lldb-libs" },
]
wheels = [
    { url = "https://us-central1-python.pkg.dev/distribution-prod-0a7c7b3/nightly/mojo/mojo-0.26.2.0.dev2026013005-py3-none-macosx_13_0_arm64.whl", hash = "sha256:afccb7756512660f7eabaf1cd8c7f505bd47e4f3e4263aac9ba6e0a6b264e239" },
    { url = "https://us-central1-python.pkg.dev/distribution-prod-0a7c7b3/nightly/mojo/mojo-0.26.2.0.dev2026013005-py3-none-manylinux_2_34_aarch64.whl", hash = "sha256:ef1e0ed5374f1f92f2a6be13fd4365cb728a579fb93855d55a967d1b7a7b1e8d" },
    { url = "https://us-central1-python.pkg.dev/distribution-prod-0a7c7b3/nightly/mojo/mojo-0.26.2.0.dev2026013005-py3-none-manylinux_2_34_x86_64.whl", hash = "sha256:ecb519b58da9fa68e4654f45aa9dfe2b17ab380211d455676f3a5f470db167a0" },
]

[[package]]
name = "mojo-compiler"
version = "0.26.2.0.dev2026013005"
source = { registry = "https://whl.modular.com/nightly/simple/" }
wheels = [
    { url = "https://us-central1-python.pkg.dev/distribution-prod-0a7c7b3/nightly/mojo-compiler/mojo_compiler-0.26.2.0.dev2026013005-py3-none-macosx_13_0_arm64.whl", hash = "sha256:d97aca5cadf5e1f9fce36eb7831a9e55923e0bc75c72f03f66146f5b0cf6aa28" },
    { url = "https://us-central1-python.pkg.dev/distribution-prod-0a7c7b3/nightly/mojo-compiler/mojo_compiler-0.26.2.0.dev2026013005-py3-none-manylinux_2_34_aarch64.whl", hash = "sha256:0d89ff524d92d48d5103f222dff80be78b991de2a77914781d6fa388146de0eb" },
    { url = "https://us-central1-python.pkg.dev/distribution-prod-0a7c7b3/nightly/mojo-compiler/mojo_compiler-0.26.2.0.dev2026013005-py3-none-manylinux_2_34_x86_64.whl", hash = "sha256:3400ab461a4e49274cb129e48f1e0e9b1cf577b61d807ce72fbe7d819ffc2b10" },
]

[[package]]
name = "mojo-lldb-libs"
version = "0.26.2.0.dev2026013005"
source = { registry = "https://whl.modular.com/nightly/simple/" }
wheels = [
    { url = "https://us-central1-python.pkg.dev/distribution-prod-0a7c7b3/nightly/mojo-lldb-libs/mojo_lldb_libs-0.26.2.0.dev2026013005-py3-none-macosx_13_0_arm64.whl", hash = "sha256:e180cba773ed7872a55c3ff6b8d445d937f4db4b008e3d18460c3eea61cbdff0" },
    { url = "https://us-central1-python.pkg.dev/distribution-prod-0a7c7b3/nightly/mojo-lldb-libs/mojo_lldb_libs-0.26.2.0.dev2026013005-py3-none-manylinux_2_34_aarch64.whl", hash = "sha256:c4d290c4981f74b35a5a1bc45acf05117671c5e9c279d183f0d233ee520a6520" },
    { url = "https://us-central1-python.pkg.dev/distribution-prod-0a7c7b3/nightly/mojo-lldb-libs/mojo_lldb_libs-0.26.2.0.dev2026013005-py3-none-manylinux_2_34_x86_64.whl", hash = "sha256:3e2a3e000dd07cb1c59f7117c19aa20c95ae8f61d8c3d069d1daab7aa02802bb" },
]

[[package]]
name = "mypy-extensions"
version = "1.1.0"
source = { registry = "https://pypi.org/simple" }
sdist = { url = "https://files.pythonhosted.org/packages/a2/6e/371856a3fb9d31ca8dac321cda606860fa4548858c0cc45d9d1d4ca2628b/mypy_extensions-1.1.0.tar.gz", hash = "sha256:52e68efc3284861e772bbcd66823fde5ae21fd2fdb51c62a211403730b916558", size = 6343, upload-time = "2025-04-22T14:54:24.164Z" }
wheels = [
    { url = "https://files.pythonhosted.org/packages/79/7b/2c79738432f5c924bef5071f933bcc9efd0473bac3b4aa584a6f7c1c8df8/mypy_extensions-1.1.0-py3-none-any.whl", hash = "sha256:1be4cccdb0f2482337c4743e60421de3a356cd97508abadd57d47403e94f5505", size = 4963, upload-time = "2025-04-22T14:54:22.983Z" },
]

[[package]]
name = "pathspec"
version = "1.0.4"
source = { registry = "https://pypi.org/simple" }
sdist = { url = "https://files.pythonhosted.org/packages/fa/36/e27608899f9b8d4dff0617b2d9ab17ca5608956ca44461ac14ac48b44015/pathspec-1.0.4.tar.gz", hash = "sha256:0210e2ae8a21a9137c0d470578cb0e595af87edaa6ebf12ff176f14a02e0e645", size = 131200, upload-time = "2026-01-27T03:59:46.938Z" }
wheels = [
    { url = "https://files.pythonhosted.org/packages/ef/3c/2c197d226f9ea224a9ab8d197933f9da0ae0aac5b6e0f884e2b8d9c8e9f7/pathspec-1.0.4-py3-none-any.whl", hash = "sha256:fb6ae2fd4e7c921a165808a552060e722767cfa526f99ca5156ed2ce45a5c723", size = 55206, upload-time = "2026-01-27T03:59:45.137Z" },
]

[[package]]
name = "platformdirs"
version = "4.5.1"
source = { registry = "https://pypi.org/simple" }
sdist = { url = "https://files.pythonhosted.org/packages/cf/86/0248f086a84f01b37aaec0fa567b397df1a119f73c16f6c7a9aac73ea309/platformdirs-4.5.1.tar.gz", hash = "sha256:61d5cdcc6065745cdd94f0f878977f8de9437be93de97c1c12f853c9c0cdcbda", size = 21715, upload-time = "2025-12-05T13:52:58.638Z" }
wheels = [
    { url = "https://files.pythonhosted.org/packages/cb/28/3bfe2fa5a7b9c46fe7e13c97bda14c895fb10fa2ebf1d0abb90e0cea7ee1/platformdirs-4.5.1-py3-none-any.whl", hash = "sha256:d03afa3963c806a9bed9d5125c8f4cb2fdaf74a55ab60e5d59b3fde758104d31", size = 18731, upload-time = "2025-12-05T13:52:56.823Z" },
]
